
Microsoft Visual Studio Solution File, Format Version 12.00
Project("{FAE04EC0-301F-11D3-BF4B-00C04F79EFBC}") = "ConsoleClient", "ConsoleClient\ConsoleClient.csproj", "{4723158A-160A-46FE-9941-0F8D70A93490}"
EndProject
Global
	GlobalSection(SolutionConfigurationPlatforms) = preSolution
		Debug|Any CPU = Debug|Any CPU
		Release|Any CPU = Release|Any CPU
	EndGlobalSection
	GlobalSection(ProjectConfigurationPlatforms) = postSolution
		{4723158A-160A-46FE-9941-0F8D70A93490}.Debug|Any CPU.ActiveCfg = Debug|Any CPU
		{4723158A-160A-46FE-9941-0F8D70A93490}.Debug|Any CPU.Build.0 = Debug|Any CPU
		{4723158A-160A-46FE-9941-0F8D70A93490}.Release|Any CPU.ActiveCfg = Release|Any CPU
		{4723158A-160A-46FE-9941-0F8D70A93490}.Release|Any CPU.Build.0 = Release|Any CPU
	EndGlobalSection
EndGlobal
